
Microsoft Visual Studio Solution File, Format Version 12.00
# Visual Studio Version 16
VisualStudioVersion = 16.0.32228.343
MinimumVisualStudioVersion = 10.0.40219.1
Project("{FAE04EC0-301F-11D3-BF4B-00C04F79EFBC}") = "task 10", "task 10\task 10.csproj", "{26F205A8-4A8B-4252-962C-B84AA1FD0299}"
EndProject
Global
	GlobalSection(SolutionConfigurationPlatforms) = preSolution
		Debug|Any CPU = Debug|Any CPU
		Release|Any CPU = Release|Any CPU
	EndGlobalSection
	GlobalSection(ProjectConfigurationPlatforms) = postSolution
		{26F205A8-4A8B-4252-962C-B84AA1FD0299}.Debug|Any CPU.ActiveCfg = Debug|Any CPU
		{26F205A8-4A8B-4252-962C-B84AA1FD0299}.Debug|Any CPU.Build.0 = Debug|Any CPU
		{26F205A8-4A8B-4252-962C-B84AA1FD0299}.Release|Any CPU.ActiveCfg = Release|Any CPU
		{26F205A8-4A8B-4252-962C-B84AA1FD0299}.Release|Any CPU.Build.0 = Release|Any CPU
	EndGlobalSection
	GlobalSection(SolutionProperties) = preSolution
		HideSolutionNode = FALSE
	EndGlobalSection
	GlobalSection(ExtensibilityGlobals) = postSolution
		SolutionGuid = {578FA556-66AE-4AB2-8E88-5158C3A7B55E}
	EndGlobalSection
EndGlobal
