
Microsoft Visual Studio Solution File, Format Version 12.00
# Visual Studio Version 16
VisualStudioVersion = 16.0.32228.343
MinimumVisualStudioVersion = 10.0.40219.1
Project("{FAE04EC0-301F-11D3-BF4B-00C04F79EFBC}") = "task 5", "task 5\task 5.csproj", "{D37C4EDC-CF18-4327-B062-BA73C3FDD83B}"
EndProject
Global
	GlobalSection(SolutionConfigurationPlatforms) = preSolution
		Debug|Any CPU = Debug|Any CPU
		Release|Any CPU = Release|Any CPU
	EndGlobalSection
	GlobalSection(ProjectConfigurationPlatforms) = postSolution
		{D37C4EDC-CF18-4327-B062-BA73C3FDD83B}.Debug|Any CPU.ActiveCfg = Debug|Any CPU
		{D37C4EDC-CF18-4327-B062-BA73C3FDD83B}.Debug|Any CPU.Build.0 = Debug|Any CPU
		{D37C4EDC-CF18-4327-B062-BA73C3FDD83B}.Release|Any CPU.ActiveCfg = Release|Any CPU
		{D37C4EDC-CF18-4327-B062-BA73C3FDD83B}.Release|Any CPU.Build.0 = Release|Any CPU
	EndGlobalSection
	GlobalSection(SolutionProperties) = preSolution
		HideSolutionNode = FALSE
	EndGlobalSection
	GlobalSection(ExtensibilityGlobals) = postSolution
		SolutionGuid = {C570A3A2-F189-4324-AA7D-9D58D35181A1}
	EndGlobalSection
EndGlobal
