
Microsoft Visual Studio Solution File, Format Version 12.00
# Visual Studio Version 16
VisualStudioVersion = 16.0.32228.343
MinimumVisualStudioVersion = 10.0.40219.1
Project("{FAE04EC0-301F-11D3-BF4B-00C04F79EFBC}") = "task 16", "task 16\task 16.csproj", "{F1082ADA-D392-4F3E-8BE0-746253C6F1D6}"
EndProject
Global
	GlobalSection(SolutionConfigurationPlatforms) = preSolution
		Debug|Any CPU = Debug|Any CPU
		Release|Any CPU = Release|Any CPU
	EndGlobalSection
	GlobalSection(ProjectConfigurationPlatforms) = postSolution
		{F1082ADA-D392-4F3E-8BE0-746253C6F1D6}.Debug|Any CPU.ActiveCfg = Debug|Any CPU
		{F1082ADA-D392-4F3E-8BE0-746253C6F1D6}.Debug|Any CPU.Build.0 = Debug|Any CPU
		{F1082ADA-D392-4F3E-8BE0-746253C6F1D6}.Release|Any CPU.ActiveCfg = Release|Any CPU
		{F1082ADA-D392-4F3E-8BE0-746253C6F1D6}.Release|Any CPU.Build.0 = Release|Any CPU
	EndGlobalSection
	GlobalSection(SolutionProperties) = preSolution
		HideSolutionNode = FALSE
	EndGlobalSection
	GlobalSection(ExtensibilityGlobals) = postSolution
		SolutionGuid = {24DE9999-52B0-4CA9-ACBA-6566C5CF435C}
	EndGlobalSection
EndGlobal
