
Microsoft Visual Studio Solution File, Format Version 12.00
# Visual Studio Version 16
VisualStudioVersion = 16.0.32228.343
MinimumVisualStudioVersion = 10.0.40219.1
Project("{FAE04EC0-301F-11D3-BF4B-00C04F79EFBC}") = "task 17", "task 17\task 17.csproj", "{76EAC1D9-8FF9-4565-8BCC-9A07D20BF411}"
EndProject
Global
	GlobalSection(SolutionConfigurationPlatforms) = preSolution
		Debug|Any CPU = Debug|Any CPU
		Release|Any CPU = Release|Any CPU
	EndGlobalSection
	GlobalSection(ProjectConfigurationPlatforms) = postSolution
		{76EAC1D9-8FF9-4565-8BCC-9A07D20BF411}.Debug|Any CPU.ActiveCfg = Debug|Any CPU
		{76EAC1D9-8FF9-4565-8BCC-9A07D20BF411}.Debug|Any CPU.Build.0 = Debug|Any CPU
		{76EAC1D9-8FF9-4565-8BCC-9A07D20BF411}.Release|Any CPU.ActiveCfg = Release|Any CPU
		{76EAC1D9-8FF9-4565-8BCC-9A07D20BF411}.Release|Any CPU.Build.0 = Release|Any CPU
	EndGlobalSection
	GlobalSection(SolutionProperties) = preSolution
		HideSolutionNode = FALSE
	EndGlobalSection
	GlobalSection(ExtensibilityGlobals) = postSolution
		SolutionGuid = {756AA1C5-1780-40F0-A309-16225C6CD3A1}
	EndGlobalSection
EndGlobal
