
Microsoft Visual Studio Solution File, Format Version 12.00
# Visual Studio Version 16
VisualStudioVersion = 16.0.32228.343
MinimumVisualStudioVersion = 10.0.40219.1
Project("{FAE04EC0-301F-11D3-BF4B-00C04F79EFBC}") = "task 13", "task 13\task 13.csproj", "{07D453F0-C34E-4F3A-B956-21ADE5C1DDB2}"
EndProject
Global
	GlobalSection(SolutionConfigurationPlatforms) = preSolution
		Debug|Any CPU = Debug|Any CPU
		Release|Any CPU = Release|Any CPU
	EndGlobalSection
	GlobalSection(ProjectConfigurationPlatforms) = postSolution
		{07D453F0-C34E-4F3A-B956-21ADE5C1DDB2}.Debug|Any CPU.ActiveCfg = Debug|Any CPU
		{07D453F0-C34E-4F3A-B956-21ADE5C1DDB2}.Debug|Any CPU.Build.0 = Debug|Any CPU
		{07D453F0-C34E-4F3A-B956-21ADE5C1DDB2}.Release|Any CPU.ActiveCfg = Release|Any CPU
		{07D453F0-C34E-4F3A-B956-21ADE5C1DDB2}.Release|Any CPU.Build.0 = Release|Any CPU
	EndGlobalSection
	GlobalSection(SolutionProperties) = preSolution
		HideSolutionNode = FALSE
	EndGlobalSection
	GlobalSection(ExtensibilityGlobals) = postSolution
		SolutionGuid = {FC7C248A-3D8C-4CA9-AFE0-A093CF25F39A}
	EndGlobalSection
EndGlobal
