
Microsoft Visual Studio Solution File, Format Version 12.00
# Visual Studio Version 16
VisualStudioVersion = 16.0.32228.343
MinimumVisualStudioVersion = 10.0.40219.1
Project("{FAE04EC0-301F-11D3-BF4B-00C04F79EFBC}") = "task 14", "task 14\task 14.csproj", "{EC182586-DC5D-48E8-A565-A64890458A58}"
EndProject
Global
	GlobalSection(SolutionConfigurationPlatforms) = preSolution
		Debug|Any CPU = Debug|Any CPU
		Release|Any CPU = Release|Any CPU
	EndGlobalSection
	GlobalSection(ProjectConfigurationPlatforms) = postSolution
		{EC182586-DC5D-48E8-A565-A64890458A58}.Debug|Any CPU.ActiveCfg = Debug|Any CPU
		{EC182586-DC5D-48E8-A565-A64890458A58}.Debug|Any CPU.Build.0 = Debug|Any CPU
		{EC182586-DC5D-48E8-A565-A64890458A58}.Release|Any CPU.ActiveCfg = Release|Any CPU
		{EC182586-DC5D-48E8-A565-A64890458A58}.Release|Any CPU.Build.0 = Release|Any CPU
	EndGlobalSection
	GlobalSection(SolutionProperties) = preSolution
		HideSolutionNode = FALSE
	EndGlobalSection
	GlobalSection(ExtensibilityGlobals) = postSolution
		SolutionGuid = {E5CDEBE2-F018-46C6-95C9-FB18EB120FFA}
	EndGlobalSection
EndGlobal
